# This file was autogenerated by Stack.
# You should not edit this file by hand.
# For more information, please see the documentation at:
#   https://docs.haskellstack.org/en/stable/topics/lock_files

packages: []
snapshots:
- completed:
    sha256: 8fdb9f5579a4be55429a0f28414bcb45817cff27c6c30afb5c42aa2b7890a906
    size: 658339
    url: https://raw.githubusercontent.com/commercialhaskell/stackage-snapshots/master/nightly/2025/3/9.yaml
  original: nightly-2025-03-09
